
Microsoft Visual Studio Solution File, Format Version 12.00
# Visual Studio 15
VisualStudioVersion = 15.0.26730.12
MinimumVisualStudioVersion = 10.0.40219.1
Project("{9A19103F-16F7-4668-BE54-9A1E7A4F7556}") = "SlackBotCore", "SlackBotCore\SlackBotCore.csproj", "{D91AB704-D29F-4CE2-A961-42018BC0C0D7}"
EndProject
Project("{9A19103F-16F7-4668-BE54-9A1E7A4F7556}") = "SlackBotTest", "SlackBotTest\SlackBotTest.csproj", "{9BD2A6B6-E1CF-4F48-8868-2704E4EA6F6F}"
EndProject
Global
	GlobalSection(SolutionConfigurationPlatforms) = preSolution
		Debug|Any CPU = Debug|Any CPU
		Release|Any CPU = Release|Any CPU
	EndGlobalSection
	GlobalSection(ProjectConfigurationPlatforms) = postSolution
		{D91AB704-D29F-4CE2-A961-42018BC0C0D7}.Debug|Any CPU.ActiveCfg = Debug|Any CPU
		{D91AB704-D29F-4CE2-A961-42018BC0C0D7}.Debug|Any CPU.Build.0 = Debug|Any CPU
		{D91AB704-D29F-4CE2-A961-42018BC0C0D7}.Release|Any CPU.ActiveCfg = Release|Any CPU
		{D91AB704-D29F-4CE2-A961-42018BC0C0D7}.Release|Any CPU.Build.0 = Release|Any CPU
		{9BD2A6B6-E1CF-4F48-8868-2704E4EA6F6F}.Debug|Any CPU.ActiveCfg = Debug|Any CPU
		{9BD2A6B6-E1CF-4F48-8868-2704E4EA6F6F}.Debug|Any CPU.Build.0 = Debug|Any CPU
		{9BD2A6B6-E1CF-4F48-8868-2704E4EA6F6F}.Release|Any CPU.ActiveCfg = Release|Any CPU
		{9BD2A6B6-E1CF-4F48-8868-2704E4EA6F6F}.Release|Any CPU.Build.0 = Release|Any CPU
	EndGlobalSection
	GlobalSection(SolutionProperties) = preSolution
		HideSolutionNode = FALSE
	EndGlobalSection
	GlobalSection(ExtensibilityGlobals) = postSolution
		SolutionGuid = {AC7AB3DF-4EDE-4EDA-AF73-FFFE80285528}
	EndGlobalSection
EndGlobal
